
Microsoft Visual Studio Solution File, Format Version 12.00
# Visual Studio Version 16
VisualStudioVersion = 16.0.30804.86
MinimumVisualStudioVersion = 10.0.40219.1
Project("{8BC9CEB8-8B4A-11D0-8D11-00A0C91BC942}") = "gaUtilities", "gaUtilities\gaUtilities.vcxproj", "{0E1FB950-EF3A-4F42-905F-3553040AD8B5}"
EndProject
Project("{8BC9CEB8-8B4A-11D0-8D11-00A0C91BC942}") = "gaUtility_UnitTest", "gaUtility_UnitTest\gaUtility_UnitTest.vcxproj", "{BC89C3FC-7187-41CB-8601-C099F1E3BAD6}"
EndProject
Project("{8BC9CEB8-8B4A-11D0-8D11-00A0C91BC942}") = "gaCore", "gaCore\gaCore.vcxproj", "{231901D2-5FE0-43DD-8C38-C54D0F6F02EE}"
EndProject
Global
	GlobalSection(SolutionConfigurationPlatforms) = preSolution
		Debug_DLL|x64 = Debug_DLL|x64
		Debug_DLL|x86 = Debug_DLL|x86
		Debug|x64 = Debug|x64
		Debug|x86 = Debug|x86
		Release_DLL|x64 = Release_DLL|x64
		Release_DLL|x86 = Release_DLL|x86
		Release|x64 = Release|x64
		Release|x86 = Release|x86
	EndGlobalSection
	GlobalSection(ProjectConfigurationPlatforms) = postSolution
		{0E1FB950-EF3A-4F42-905F-3553040AD8B5}.Debug_DLL|x64.ActiveCfg = Debug_DLL|x64
		{0E1FB950-EF3A-4F42-905F-3553040AD8B5}.Debug_DLL|x64.Build.0 = Debug_DLL|x64
		{0E1FB950-EF3A-4F42-905F-3553040AD8B5}.Debug_DLL|x86.ActiveCfg = Debug_DLL|Win32
		{0E1FB950-EF3A-4F42-905F-3553040AD8B5}.Debug_DLL|x86.Build.0 = Debug_DLL|Win32
		{0E1FB950-EF3A-4F42-905F-3553040AD8B5}.Debug|x64.ActiveCfg = Debug_DLL|x64
		{0E1FB950-EF3A-4F42-905F-3553040AD8B5}.Debug|x64.Build.0 = Debug_DLL|x64
		{0E1FB950-EF3A-4F42-905F-3553040AD8B5}.Debug|x86.ActiveCfg = Debug_DLL|Win32
		{0E1FB950-EF3A-4F42-905F-3553040AD8B5}.Debug|x86.Build.0 = Debug_DLL|Win32
		{0E1FB950-EF3A-4F42-905F-3553040AD8B5}.Release_DLL|x64.ActiveCfg = Release_DLL|x64
		{0E1FB950-EF3A-4F42-905F-3553040AD8B5}.Release_DLL|x64.Build.0 = Release_DLL|x64
		{0E1FB950-EF3A-4F42-905F-3553040AD8B5}.Release_DLL|x86.ActiveCfg = Release_DLL|Win32
		{0E1FB950-EF3A-4F42-905F-3553040AD8B5}.Release_DLL|x86.Build.0 = Release_DLL|Win32
		{0E1FB950-EF3A-4F42-905F-3553040AD8B5}.Release|x64.ActiveCfg = Release_DLL|x64
		{0E1FB950-EF3A-4F42-905F-3553040AD8B5}.Release|x64.Build.0 = Release_DLL|x64
		{0E1FB950-EF3A-4F42-905F-3553040AD8B5}.Release|x86.ActiveCfg = Release_DLL|Win32
		{0E1FB950-EF3A-4F42-905F-3553040AD8B5}.Release|x86.Build.0 = Release_DLL|Win32
		{BC89C3FC-7187-41CB-8601-C099F1E3BAD6}.Debug_DLL|x64.ActiveCfg = Debug|x64
		{BC89C3FC-7187-41CB-8601-C099F1E3BAD6}.Debug_DLL|x64.Build.0 = Debug|x64
		{BC89C3FC-7187-41CB-8601-C099F1E3BAD6}.Debug_DLL|x86.ActiveCfg = Debug|Win32
		{BC89C3FC-7187-41CB-8601-C099F1E3BAD6}.Debug_DLL|x86.Build.0 = Debug|Win32
		{BC89C3FC-7187-41CB-8601-C099F1E3BAD6}.Debug|x64.ActiveCfg = Debug|x64
		{BC89C3FC-7187-41CB-8601-C099F1E3BAD6}.Debug|x64.Build.0 = Debug|x64
		{BC89C3FC-7187-41CB-8601-C099F1E3BAD6}.Debug|x86.ActiveCfg = Debug|Win32
		{BC89C3FC-7187-41CB-8601-C099F1E3BAD6}.Debug|x86.Build.0 = Debug|Win32
		{BC89C3FC-7187-41CB-8601-C099F1E3BAD6}.Release_DLL|x64.ActiveCfg = Release|x64
		{BC89C3FC-7187-41CB-8601-C099F1E3BAD6}.Release_DLL|x64.Build.0 = Release|x64
		{BC89C3FC-7187-41CB-8601-C099F1E3BAD6}.Release_DLL|x86.ActiveCfg = Release|Win32
		{BC89C3FC-7187-41CB-8601-C099F1E3BAD6}.Release_DLL|x86.Build.0 = Release|Win32
		{BC89C3FC-7187-41CB-8601-C099F1E3BAD6}.Release|x64.ActiveCfg = Release|x64
		{BC89C3FC-7187-41CB-8601-C099F1E3BAD6}.Release|x64.Build.0 = Release|x64
		{BC89C3FC-7187-41CB-8601-C099F1E3BAD6}.Release|x86.ActiveCfg = Release|Win32
		{BC89C3FC-7187-41CB-8601-C099F1E3BAD6}.Release|x86.Build.0 = Release|Win32
		{231901D2-5FE0-43DD-8C38-C54D0F6F02EE}.Debug_DLL|x64.ActiveCfg = Debug|x64
		{231901D2-5FE0-43DD-8C38-C54D0F6F02EE}.Debug_DLL|x64.Build.0 = Debug|x64
		{231901D2-5FE0-43DD-8C38-C54D0F6F02EE}.Debug_DLL|x86.ActiveCfg = Debug|Win32
		{231901D2-5FE0-43DD-8C38-C54D0F6F02EE}.Debug_DLL|x86.Build.0 = Debug|Win32
		{231901D2-5FE0-43DD-8C38-C54D0F6F02EE}.Debug|x64.ActiveCfg = Debug|x64
		{231901D2-5FE0-43DD-8C38-C54D0F6F02EE}.Debug|x64.Build.0 = Debug|x64
		{231901D2-5FE0-43DD-8C38-C54D0F6F02EE}.Debug|x86.ActiveCfg = Debug|Win32
		{231901D2-5FE0-43DD-8C38-C54D0F6F02EE}.Debug|x86.Build.0 = Debug|Win32
		{231901D2-5FE0-43DD-8C38-C54D0F6F02EE}.Release_DLL|x64.ActiveCfg = Release|x64
		{231901D2-5FE0-43DD-8C38-C54D0F6F02EE}.Release_DLL|x64.Build.0 = Release|x64
		{231901D2-5FE0-43DD-8C38-C54D0F6F02EE}.Release_DLL|x86.ActiveCfg = Release|Win32
		{231901D2-5FE0-43DD-8C38-C54D0F6F02EE}.Release_DLL|x86.Build.0 = Release|Win32
		{231901D2-5FE0-43DD-8C38-C54D0F6F02EE}.Release|x64.ActiveCfg = Release|x64
		{231901D2-5FE0-43DD-8C38-C54D0F6F02EE}.Release|x64.Build.0 = Release|x64
		{231901D2-5FE0-43DD-8C38-C54D0F6F02EE}.Release|x86.ActiveCfg = Release|Win32
		{231901D2-5FE0-43DD-8C38-C54D0F6F02EE}.Release|x86.Build.0 = Release|Win32
	EndGlobalSection
	GlobalSection(SolutionProperties) = preSolution
		HideSolutionNode = FALSE
	EndGlobalSection
	GlobalSection(ExtensibilityGlobals) = postSolution
		SolutionGuid = {9D674106-8135-4C00-ACED-580B89E5D6E3}
	EndGlobalSection
EndGlobal
