
Microsoft Visual Studio Solution File, Format Version 12.00
# Visual Studio Version 16
VisualStudioVersion = 16.0.30804.86
MinimumVisualStudioVersion = 10.0.40219.1
Project("{8BC9CEB8-8B4A-11D0-8D11-00A0C91BC942}") = "gaUtilities", "gaUtilities\gaUtilities.vcxproj", "{0E1FB950-EF3A-4F42-905F-3553040AD8B5}"
EndProject
Project("{8BC9CEB8-8B4A-11D0-8D11-00A0C91BC942}") = "gaCore", "gaCore\gaCore.vcxproj", "{231901D2-5FE0-43DD-8C38-C54D0F6F02EE}"
	ProjectSection(ProjectDependencies) = postProject
		{0E1FB950-EF3A-4F42-905F-3553040AD8B5} = {0E1FB950-EF3A-4F42-905F-3553040AD8B5}
	EndProjectSection
EndProject
Project("{8BC9CEB8-8B4A-11D0-8D11-00A0C91BC942}") = "gaUtility_UnitTest", "gaUtility_UnitTest\gaUtility_UnitTest.vcxproj", "{C9CE1F0C-12BC-4577-BBE9-9F001C22A730}"
	ProjectSection(ProjectDependencies) = postProject
		{0E1FB950-EF3A-4F42-905F-3553040AD8B5} = {0E1FB950-EF3A-4F42-905F-3553040AD8B5}
	EndProjectSection
EndProject
Project("{8BC9CEB8-8B4A-11D0-8D11-00A0C91BC942}") = "gaDirectX", "gaDirectX\gaDirectX.vcxproj", "{E3F1A319-FE01-400A-B9A5-B63946FE58A7}"
	ProjectSection(ProjectDependencies) = postProject
		{231901D2-5FE0-43DD-8C38-C54D0F6F02EE} = {231901D2-5FE0-43DD-8C38-C54D0F6F02EE}
	EndProjectSection
EndProject
Project("{8BC9CEB8-8B4A-11D0-8D11-00A0C91BC942}") = "gaOpenGL", "gaOpenGL\gaOpenGL.vcxproj", "{02A6E875-B672-4EC8-94D7-E944E0163000}"
	ProjectSection(ProjectDependencies) = postProject
		{231901D2-5FE0-43DD-8C38-C54D0F6F02EE} = {231901D2-5FE0-43DD-8C38-C54D0F6F02EE}
	EndProjectSection
EndProject
Project("{8BC9CEB8-8B4A-11D0-8D11-00A0C91BC942}") = "gaCore_UnitTest", "gaCore_UnitTest\gaCore_UnitTest.vcxproj", "{69DFB93E-B4E7-400A-A539-F457A6B3B30F}"
	ProjectSection(ProjectDependencies) = postProject
		{E3F1A319-FE01-400A-B9A5-B63946FE58A7} = {E3F1A319-FE01-400A-B9A5-B63946FE58A7}
		{41E41428-CE26-48BA-A244-32F7EA06BF92} = {41E41428-CE26-48BA-A244-32F7EA06BF92}
		{E1B3F553-35C0-4BDC-A05F-CF3B701CF6E9} = {E1B3F553-35C0-4BDC-A05F-CF3B701CF6E9}
		{231901D2-5FE0-43DD-8C38-C54D0F6F02EE} = {231901D2-5FE0-43DD-8C38-C54D0F6F02EE}
		{F2DF86DB-9AC4-4171-BFB0-7A3C972141A3} = {F2DF86DB-9AC4-4171-BFB0-7A3C972141A3}
		{16E4D5FF-1EB8-4C8B-ABBB-15CBD4BB6DF1} = {16E4D5FF-1EB8-4C8B-ABBB-15CBD4BB6DF1}
	EndProjectSection
EndProject
Project("{8BC9CEB8-8B4A-11D0-8D11-00A0C91BC942}") = "gaDeferredRendering", "gaDeferredRendering\gaDeferredRendering.vcxproj", "{E1B3F553-35C0-4BDC-A05F-CF3B701CF6E9}"
	ProjectSection(ProjectDependencies) = postProject
		{231901D2-5FE0-43DD-8C38-C54D0F6F02EE} = {231901D2-5FE0-43DD-8C38-C54D0F6F02EE}
	EndProjectSection
EndProject
Project("{8BC9CEB8-8B4A-11D0-8D11-00A0C91BC942}") = "gaInterface", "gaInterface\gaInterface.vcxproj", "{41E41428-CE26-48BA-A244-32F7EA06BF92}"
	ProjectSection(ProjectDependencies) = postProject
		{231901D2-5FE0-43DD-8C38-C54D0F6F02EE} = {231901D2-5FE0-43DD-8C38-C54D0F6F02EE}
	EndProjectSection
EndProject
Project("{8BC9CEB8-8B4A-11D0-8D11-00A0C91BC942}") = "gaInputs", "gaInputs\gaInputs.vcxproj", "{F2DF86DB-9AC4-4171-BFB0-7A3C972141A3}"
	ProjectSection(ProjectDependencies) = postProject
		{231901D2-5FE0-43DD-8C38-C54D0F6F02EE} = {231901D2-5FE0-43DD-8C38-C54D0F6F02EE}
	EndProjectSection
EndProject
Project("{8BC9CEB8-8B4A-11D0-8D11-00A0C91BC942}") = "gaPhysics", "gaPhysics\gaPhysics.vcxproj", "{DA1CA369-7FE0-4544-ACA3-3108235DF878}"
	ProjectSection(ProjectDependencies) = postProject
		{231901D2-5FE0-43DD-8C38-C54D0F6F02EE} = {231901D2-5FE0-43DD-8C38-C54D0F6F02EE}
	EndProjectSection
EndProject
Project("{8BC9CEB8-8B4A-11D0-8D11-00A0C91BC942}") = "gaAudioSYS", "gaAudioSYS\gaAudioSYS.vcxproj", "{FC371A33-C873-4029-BCD8-113A837586E8}"
EndProject
Project("{8BC9CEB8-8B4A-11D0-8D11-00A0C91BC942}") = "gaOmniverseConnect", "gaOmniverseConnect\gaOmniverseConnect.vcxproj", "{16E4D5FF-1EB8-4C8B-ABBB-15CBD4BB6DF1}"
EndProject
Global
	GlobalSection(SolutionConfigurationPlatforms) = preSolution
		Debug_DLL|x64 = Debug_DLL|x64
		Debug_DLL|x86 = Debug_DLL|x86
		Debug|x64 = Debug|x64
		Debug|x86 = Debug|x86
		Release_DLL|x64 = Release_DLL|x64
		Release_DLL|x86 = Release_DLL|x86
		Release|x64 = Release|x64
		Release|x86 = Release|x86
	EndGlobalSection
	GlobalSection(ProjectConfigurationPlatforms) = postSolution
		{0E1FB950-EF3A-4F42-905F-3553040AD8B5}.Debug_DLL|x64.ActiveCfg = Debug_DLL|x64
		{0E1FB950-EF3A-4F42-905F-3553040AD8B5}.Debug_DLL|x64.Build.0 = Debug_DLL|x64
		{0E1FB950-EF3A-4F42-905F-3553040AD8B5}.Debug_DLL|x86.ActiveCfg = Debug_DLL|Win32
		{0E1FB950-EF3A-4F42-905F-3553040AD8B5}.Debug_DLL|x86.Build.0 = Debug_DLL|Win32
		{0E1FB950-EF3A-4F42-905F-3553040AD8B5}.Debug|x64.ActiveCfg = Debug_DLL|x64
		{0E1FB950-EF3A-4F42-905F-3553040AD8B5}.Debug|x64.Build.0 = Debug_DLL|x64
		{0E1FB950-EF3A-4F42-905F-3553040AD8B5}.Debug|x86.ActiveCfg = Debug_DLL|Win32
		{0E1FB950-EF3A-4F42-905F-3553040AD8B5}.Debug|x86.Build.0 = Debug_DLL|Win32
		{0E1FB950-EF3A-4F42-905F-3553040AD8B5}.Release_DLL|x64.ActiveCfg = Release_DLL|x64
		{0E1FB950-EF3A-4F42-905F-3553040AD8B5}.Release_DLL|x64.Build.0 = Release_DLL|x64
		{0E1FB950-EF3A-4F42-905F-3553040AD8B5}.Release_DLL|x86.ActiveCfg = Release_DLL|Win32
		{0E1FB950-EF3A-4F42-905F-3553040AD8B5}.Release_DLL|x86.Build.0 = Release_DLL|Win32
		{0E1FB950-EF3A-4F42-905F-3553040AD8B5}.Release|x64.ActiveCfg = Release_DLL|x64
		{0E1FB950-EF3A-4F42-905F-3553040AD8B5}.Release|x64.Build.0 = Release_DLL|x64
		{0E1FB950-EF3A-4F42-905F-3553040AD8B5}.Release|x86.ActiveCfg = Release_DLL|Win32
		{0E1FB950-EF3A-4F42-905F-3553040AD8B5}.Release|x86.Build.0 = Release_DLL|Win32
		{231901D2-5FE0-43DD-8C38-C54D0F6F02EE}.Debug_DLL|x64.ActiveCfg = Debug|x64
		{231901D2-5FE0-43DD-8C38-C54D0F6F02EE}.Debug_DLL|x64.Build.0 = Debug|x64
		{231901D2-5FE0-43DD-8C38-C54D0F6F02EE}.Debug_DLL|x86.ActiveCfg = Debug|Win32
		{231901D2-5FE0-43DD-8C38-C54D0F6F02EE}.Debug_DLL|x86.Build.0 = Debug|Win32
		{231901D2-5FE0-43DD-8C38-C54D0F6F02EE}.Debug|x64.ActiveCfg = Debug|x64
		{231901D2-5FE0-43DD-8C38-C54D0F6F02EE}.Debug|x64.Build.0 = Debug|x64
		{231901D2-5FE0-43DD-8C38-C54D0F6F02EE}.Debug|x86.ActiveCfg = Debug|Win32
		{231901D2-5FE0-43DD-8C38-C54D0F6F02EE}.Debug|x86.Build.0 = Debug|Win32
		{231901D2-5FE0-43DD-8C38-C54D0F6F02EE}.Release_DLL|x64.ActiveCfg = Release|x64
		{231901D2-5FE0-43DD-8C38-C54D0F6F02EE}.Release_DLL|x64.Build.0 = Release|x64
		{231901D2-5FE0-43DD-8C38-C54D0F6F02EE}.Release_DLL|x86.ActiveCfg = Release|Win32
		{231901D2-5FE0-43DD-8C38-C54D0F6F02EE}.Release_DLL|x86.Build.0 = Release|Win32
		{231901D2-5FE0-43DD-8C38-C54D0F6F02EE}.Release|x64.ActiveCfg = Release|x64
		{231901D2-5FE0-43DD-8C38-C54D0F6F02EE}.Release|x64.Build.0 = Release|x64
		{231901D2-5FE0-43DD-8C38-C54D0F6F02EE}.Release|x86.ActiveCfg = Release|Win32
		{231901D2-5FE0-43DD-8C38-C54D0F6F02EE}.Release|x86.Build.0 = Release|Win32
		{C9CE1F0C-12BC-4577-BBE9-9F001C22A730}.Debug_DLL|x64.ActiveCfg = Debug|x64
		{C9CE1F0C-12BC-4577-BBE9-9F001C22A730}.Debug_DLL|x64.Build.0 = Debug|x64
		{C9CE1F0C-12BC-4577-BBE9-9F001C22A730}.Debug_DLL|x86.ActiveCfg = Debug|Win32
		{C9CE1F0C-12BC-4577-BBE9-9F001C22A730}.Debug_DLL|x86.Build.0 = Debug|Win32
		{C9CE1F0C-12BC-4577-BBE9-9F001C22A730}.Debug|x64.ActiveCfg = Debug|x64
		{C9CE1F0C-12BC-4577-BBE9-9F001C22A730}.Debug|x64.Build.0 = Debug|x64
		{C9CE1F0C-12BC-4577-BBE9-9F001C22A730}.Debug|x86.ActiveCfg = Debug|Win32
		{C9CE1F0C-12BC-4577-BBE9-9F001C22A730}.Debug|x86.Build.0 = Debug|Win32
		{C9CE1F0C-12BC-4577-BBE9-9F001C22A730}.Release_DLL|x64.ActiveCfg = Release|x64
		{C9CE1F0C-12BC-4577-BBE9-9F001C22A730}.Release_DLL|x64.Build.0 = Release|x64
		{C9CE1F0C-12BC-4577-BBE9-9F001C22A730}.Release_DLL|x86.ActiveCfg = Release|Win32
		{C9CE1F0C-12BC-4577-BBE9-9F001C22A730}.Release_DLL|x86.Build.0 = Release|Win32
		{C9CE1F0C-12BC-4577-BBE9-9F001C22A730}.Release|x64.ActiveCfg = Release|x64
		{C9CE1F0C-12BC-4577-BBE9-9F001C22A730}.Release|x64.Build.0 = Release|x64
		{C9CE1F0C-12BC-4577-BBE9-9F001C22A730}.Release|x86.ActiveCfg = Release|Win32
		{C9CE1F0C-12BC-4577-BBE9-9F001C22A730}.Release|x86.Build.0 = Release|Win32
		{E3F1A319-FE01-400A-B9A5-B63946FE58A7}.Debug_DLL|x64.ActiveCfg = Debug|x64
		{E3F1A319-FE01-400A-B9A5-B63946FE58A7}.Debug_DLL|x64.Build.0 = Debug|x64
		{E3F1A319-FE01-400A-B9A5-B63946FE58A7}.Debug_DLL|x86.ActiveCfg = Debug|Win32
		{E3F1A319-FE01-400A-B9A5-B63946FE58A7}.Debug_DLL|x86.Build.0 = Debug|Win32
		{E3F1A319-FE01-400A-B9A5-B63946FE58A7}.Debug|x64.ActiveCfg = Debug|x64
		{E3F1A319-FE01-400A-B9A5-B63946FE58A7}.Debug|x64.Build.0 = Debug|x64
		{E3F1A319-FE01-400A-B9A5-B63946FE58A7}.Debug|x86.ActiveCfg = Debug|Win32
		{E3F1A319-FE01-400A-B9A5-B63946FE58A7}.Debug|x86.Build.0 = Debug|Win32
		{E3F1A319-FE01-400A-B9A5-B63946FE58A7}.Release_DLL|x64.ActiveCfg = Release|x64
		{E3F1A319-FE01-400A-B9A5-B63946FE58A7}.Release_DLL|x64.Build.0 = Release|x64
		{E3F1A319-FE01-400A-B9A5-B63946FE58A7}.Release_DLL|x86.ActiveCfg = Release|Win32
		{E3F1A319-FE01-400A-B9A5-B63946FE58A7}.Release_DLL|x86.Build.0 = Release|Win32
		{E3F1A319-FE01-400A-B9A5-B63946FE58A7}.Release|x64.ActiveCfg = Release|x64
		{E3F1A319-FE01-400A-B9A5-B63946FE58A7}.Release|x64.Build.0 = Release|x64
		{E3F1A319-FE01-400A-B9A5-B63946FE58A7}.Release|x86.ActiveCfg = Release|Win32
		{E3F1A319-FE01-400A-B9A5-B63946FE58A7}.Release|x86.Build.0 = Release|Win32
		{02A6E875-B672-4EC8-94D7-E944E0163000}.Debug_DLL|x64.ActiveCfg = Debug|x64
		{02A6E875-B672-4EC8-94D7-E944E0163000}.Debug_DLL|x64.Build.0 = Debug|x64
		{02A6E875-B672-4EC8-94D7-E944E0163000}.Debug_DLL|x86.ActiveCfg = Debug|Win32
		{02A6E875-B672-4EC8-94D7-E944E0163000}.Debug_DLL|x86.Build.0 = Debug|Win32
		{02A6E875-B672-4EC8-94D7-E944E0163000}.Debug|x64.ActiveCfg = Debug|x64
		{02A6E875-B672-4EC8-94D7-E944E0163000}.Debug|x64.Build.0 = Debug|x64
		{02A6E875-B672-4EC8-94D7-E944E0163000}.Debug|x86.ActiveCfg = Debug|Win32
		{02A6E875-B672-4EC8-94D7-E944E0163000}.Debug|x86.Build.0 = Debug|Win32
		{02A6E875-B672-4EC8-94D7-E944E0163000}.Release_DLL|x64.ActiveCfg = Release|x64
		{02A6E875-B672-4EC8-94D7-E944E0163000}.Release_DLL|x64.Build.0 = Release|x64
		{02A6E875-B672-4EC8-94D7-E944E0163000}.Release_DLL|x86.ActiveCfg = Release|Win32
		{02A6E875-B672-4EC8-94D7-E944E0163000}.Release_DLL|x86.Build.0 = Release|Win32
		{02A6E875-B672-4EC8-94D7-E944E0163000}.Release|x64.ActiveCfg = Release|x64
		{02A6E875-B672-4EC8-94D7-E944E0163000}.Release|x64.Build.0 = Release|x64
		{02A6E875-B672-4EC8-94D7-E944E0163000}.Release|x86.ActiveCfg = Release|Win32
		{02A6E875-B672-4EC8-94D7-E944E0163000}.Release|x86.Build.0 = Release|Win32
		{69DFB93E-B4E7-400A-A539-F457A6B3B30F}.Debug_DLL|x64.ActiveCfg = Debug|x64
		{69DFB93E-B4E7-400A-A539-F457A6B3B30F}.Debug_DLL|x64.Build.0 = Debug|x64
		{69DFB93E-B4E7-400A-A539-F457A6B3B30F}.Debug_DLL|x86.ActiveCfg = Debug|Win32
		{69DFB93E-B4E7-400A-A539-F457A6B3B30F}.Debug_DLL|x86.Build.0 = Debug|Win32
		{69DFB93E-B4E7-400A-A539-F457A6B3B30F}.Debug|x64.ActiveCfg = Debug|x64
		{69DFB93E-B4E7-400A-A539-F457A6B3B30F}.Debug|x64.Build.0 = Debug|x64
		{69DFB93E-B4E7-400A-A539-F457A6B3B30F}.Debug|x86.ActiveCfg = Debug|Win32
		{69DFB93E-B4E7-400A-A539-F457A6B3B30F}.Debug|x86.Build.0 = Debug|Win32
		{69DFB93E-B4E7-400A-A539-F457A6B3B30F}.Release_DLL|x64.ActiveCfg = Release|x64
		{69DFB93E-B4E7-400A-A539-F457A6B3B30F}.Release_DLL|x64.Build.0 = Release|x64
		{69DFB93E-B4E7-400A-A539-F457A6B3B30F}.Release_DLL|x86.ActiveCfg = Release|Win32
		{69DFB93E-B4E7-400A-A539-F457A6B3B30F}.Release_DLL|x86.Build.0 = Release|Win32
		{69DFB93E-B4E7-400A-A539-F457A6B3B30F}.Release|x64.ActiveCfg = Release|x64
		{69DFB93E-B4E7-400A-A539-F457A6B3B30F}.Release|x64.Build.0 = Release|x64
		{69DFB93E-B4E7-400A-A539-F457A6B3B30F}.Release|x86.ActiveCfg = Release|Win32
		{69DFB93E-B4E7-400A-A539-F457A6B3B30F}.Release|x86.Build.0 = Release|Win32
		{E1B3F553-35C0-4BDC-A05F-CF3B701CF6E9}.Debug_DLL|x64.ActiveCfg = Debug|x64
		{E1B3F553-35C0-4BDC-A05F-CF3B701CF6E9}.Debug_DLL|x64.Build.0 = Debug|x64
		{E1B3F553-35C0-4BDC-A05F-CF3B701CF6E9}.Debug_DLL|x86.ActiveCfg = Debug|Win32
		{E1B3F553-35C0-4BDC-A05F-CF3B701CF6E9}.Debug_DLL|x86.Build.0 = Debug|Win32
		{E1B3F553-35C0-4BDC-A05F-CF3B701CF6E9}.Debug|x64.ActiveCfg = Debug|x64
		{E1B3F553-35C0-4BDC-A05F-CF3B701CF6E9}.Debug|x64.Build.0 = Debug|x64
		{E1B3F553-35C0-4BDC-A05F-CF3B701CF6E9}.Debug|x86.ActiveCfg = Debug|Win32
		{E1B3F553-35C0-4BDC-A05F-CF3B701CF6E9}.Debug|x86.Build.0 = Debug|Win32
		{E1B3F553-35C0-4BDC-A05F-CF3B701CF6E9}.Release_DLL|x64.ActiveCfg = Release|x64
		{E1B3F553-35C0-4BDC-A05F-CF3B701CF6E9}.Release_DLL|x64.Build.0 = Release|x64
		{E1B3F553-35C0-4BDC-A05F-CF3B701CF6E9}.Release_DLL|x86.ActiveCfg = Release|Win32
		{E1B3F553-35C0-4BDC-A05F-CF3B701CF6E9}.Release_DLL|x86.Build.0 = Release|Win32
		{E1B3F553-35C0-4BDC-A05F-CF3B701CF6E9}.Release|x64.ActiveCfg = Release|x64
		{E1B3F553-35C0-4BDC-A05F-CF3B701CF6E9}.Release|x64.Build.0 = Release|x64
		{E1B3F553-35C0-4BDC-A05F-CF3B701CF6E9}.Release|x86.ActiveCfg = Release|Win32
		{E1B3F553-35C0-4BDC-A05F-CF3B701CF6E9}.Release|x86.Build.0 = Release|Win32
		{41E41428-CE26-48BA-A244-32F7EA06BF92}.Debug_DLL|x64.ActiveCfg = Debug|x64
		{41E41428-CE26-48BA-A244-32F7EA06BF92}.Debug_DLL|x64.Build.0 = Debug|x64
		{41E41428-CE26-48BA-A244-32F7EA06BF92}.Debug_DLL|x86.ActiveCfg = Debug|Win32
		{41E41428-CE26-48BA-A244-32F7EA06BF92}.Debug_DLL|x86.Build.0 = Debug|Win32
		{41E41428-CE26-48BA-A244-32F7EA06BF92}.Debug|x64.ActiveCfg = Debug|x64
		{41E41428-CE26-48BA-A244-32F7EA06BF92}.Debug|x64.Build.0 = Debug|x64
		{41E41428-CE26-48BA-A244-32F7EA06BF92}.Debug|x86.ActiveCfg = Debug|Win32
		{41E41428-CE26-48BA-A244-32F7EA06BF92}.Debug|x86.Build.0 = Debug|Win32
		{41E41428-CE26-48BA-A244-32F7EA06BF92}.Release_DLL|x64.ActiveCfg = Release|x64
		{41E41428-CE26-48BA-A244-32F7EA06BF92}.Release_DLL|x64.Build.0 = Release|x64
		{41E41428-CE26-48BA-A244-32F7EA06BF92}.Release_DLL|x86.ActiveCfg = Release|Win32
		{41E41428-CE26-48BA-A244-32F7EA06BF92}.Release_DLL|x86.Build.0 = Release|Win32
		{41E41428-CE26-48BA-A244-32F7EA06BF92}.Release|x64.ActiveCfg = Release|x64
		{41E41428-CE26-48BA-A244-32F7EA06BF92}.Release|x64.Build.0 = Release|x64
		{41E41428-CE26-48BA-A244-32F7EA06BF92}.Release|x86.ActiveCfg = Release|Win32
		{41E41428-CE26-48BA-A244-32F7EA06BF92}.Release|x86.Build.0 = Release|Win32
		{F2DF86DB-9AC4-4171-BFB0-7A3C972141A3}.Debug_DLL|x64.ActiveCfg = Debug|x64
		{F2DF86DB-9AC4-4171-BFB0-7A3C972141A3}.Debug_DLL|x64.Build.0 = Debug|x64
		{F2DF86DB-9AC4-4171-BFB0-7A3C972141A3}.Debug_DLL|x86.ActiveCfg = Debug|Win32
		{F2DF86DB-9AC4-4171-BFB0-7A3C972141A3}.Debug_DLL|x86.Build.0 = Debug|Win32
		{F2DF86DB-9AC4-4171-BFB0-7A3C972141A3}.Debug|x64.ActiveCfg = Debug|x64
		{F2DF86DB-9AC4-4171-BFB0-7A3C972141A3}.Debug|x64.Build.0 = Debug|x64
		{F2DF86DB-9AC4-4171-BFB0-7A3C972141A3}.Debug|x86.ActiveCfg = Debug|Win32
		{F2DF86DB-9AC4-4171-BFB0-7A3C972141A3}.Debug|x86.Build.0 = Debug|Win32
		{F2DF86DB-9AC4-4171-BFB0-7A3C972141A3}.Release_DLL|x64.ActiveCfg = Release|x64
		{F2DF86DB-9AC4-4171-BFB0-7A3C972141A3}.Release_DLL|x64.Build.0 = Release|x64
		{F2DF86DB-9AC4-4171-BFB0-7A3C972141A3}.Release_DLL|x86.ActiveCfg = Release|Win32
		{F2DF86DB-9AC4-4171-BFB0-7A3C972141A3}.Release_DLL|x86.Build.0 = Release|Win32
		{F2DF86DB-9AC4-4171-BFB0-7A3C972141A3}.Release|x64.ActiveCfg = Release|x64
		{F2DF86DB-9AC4-4171-BFB0-7A3C972141A3}.Release|x64.Build.0 = Release|x64
		{F2DF86DB-9AC4-4171-BFB0-7A3C972141A3}.Release|x86.ActiveCfg = Release|Win32
		{F2DF86DB-9AC4-4171-BFB0-7A3C972141A3}.Release|x86.Build.0 = Release|Win32
		{DA1CA369-7FE0-4544-ACA3-3108235DF878}.Debug_DLL|x64.ActiveCfg = Debug|x64
		{DA1CA369-7FE0-4544-ACA3-3108235DF878}.Debug_DLL|x64.Build.0 = Debug|x64
		{DA1CA369-7FE0-4544-ACA3-3108235DF878}.Debug_DLL|x86.ActiveCfg = Debug|Win32
		{DA1CA369-7FE0-4544-ACA3-3108235DF878}.Debug_DLL|x86.Build.0 = Debug|Win32
		{DA1CA369-7FE0-4544-ACA3-3108235DF878}.Debug|x64.ActiveCfg = Debug|x64
		{DA1CA369-7FE0-4544-ACA3-3108235DF878}.Debug|x64.Build.0 = Debug|x64
		{DA1CA369-7FE0-4544-ACA3-3108235DF878}.Debug|x86.ActiveCfg = Debug|Win32
		{DA1CA369-7FE0-4544-ACA3-3108235DF878}.Debug|x86.Build.0 = Debug|Win32
		{DA1CA369-7FE0-4544-ACA3-3108235DF878}.Release_DLL|x64.ActiveCfg = Release|x64
		{DA1CA369-7FE0-4544-ACA3-3108235DF878}.Release_DLL|x64.Build.0 = Release|x64
		{DA1CA369-7FE0-4544-ACA3-3108235DF878}.Release_DLL|x86.ActiveCfg = Release|Win32
		{DA1CA369-7FE0-4544-ACA3-3108235DF878}.Release_DLL|x86.Build.0 = Release|Win32
		{DA1CA369-7FE0-4544-ACA3-3108235DF878}.Release|x64.ActiveCfg = Release|x64
		{DA1CA369-7FE0-4544-ACA3-3108235DF878}.Release|x64.Build.0 = Release|x64
		{DA1CA369-7FE0-4544-ACA3-3108235DF878}.Release|x86.ActiveCfg = Release|Win32
		{DA1CA369-7FE0-4544-ACA3-3108235DF878}.Release|x86.Build.0 = Release|Win32
		{FC371A33-C873-4029-BCD8-113A837586E8}.Debug_DLL|x64.ActiveCfg = Debug|x64
		{FC371A33-C873-4029-BCD8-113A837586E8}.Debug_DLL|x64.Build.0 = Debug|x64
		{FC371A33-C873-4029-BCD8-113A837586E8}.Debug_DLL|x86.ActiveCfg = Debug|Win32
		{FC371A33-C873-4029-BCD8-113A837586E8}.Debug_DLL|x86.Build.0 = Debug|Win32
		{FC371A33-C873-4029-BCD8-113A837586E8}.Debug|x64.ActiveCfg = Debug|x64
		{FC371A33-C873-4029-BCD8-113A837586E8}.Debug|x64.Build.0 = Debug|x64
		{FC371A33-C873-4029-BCD8-113A837586E8}.Debug|x86.ActiveCfg = Debug|Win32
		{FC371A33-C873-4029-BCD8-113A837586E8}.Debug|x86.Build.0 = Debug|Win32
		{FC371A33-C873-4029-BCD8-113A837586E8}.Release_DLL|x64.ActiveCfg = Release|x64
		{FC371A33-C873-4029-BCD8-113A837586E8}.Release_DLL|x64.Build.0 = Release|x64
		{FC371A33-C873-4029-BCD8-113A837586E8}.Release_DLL|x86.ActiveCfg = Release|Win32
		{FC371A33-C873-4029-BCD8-113A837586E8}.Release_DLL|x86.Build.0 = Release|Win32
		{FC371A33-C873-4029-BCD8-113A837586E8}.Release|x64.ActiveCfg = Release|x64
		{FC371A33-C873-4029-BCD8-113A837586E8}.Release|x64.Build.0 = Release|x64
		{FC371A33-C873-4029-BCD8-113A837586E8}.Release|x86.ActiveCfg = Release|Win32
		{FC371A33-C873-4029-BCD8-113A837586E8}.Release|x86.Build.0 = Release|Win32
		{16E4D5FF-1EB8-4C8B-ABBB-15CBD4BB6DF1}.Debug_DLL|x64.ActiveCfg = Debug|x64
		{16E4D5FF-1EB8-4C8B-ABBB-15CBD4BB6DF1}.Debug_DLL|x64.Build.0 = Debug|x64
		{16E4D5FF-1EB8-4C8B-ABBB-15CBD4BB6DF1}.Debug_DLL|x86.ActiveCfg = Debug|Win32
		{16E4D5FF-1EB8-4C8B-ABBB-15CBD4BB6DF1}.Debug_DLL|x86.Build.0 = Debug|Win32
		{16E4D5FF-1EB8-4C8B-ABBB-15CBD4BB6DF1}.Debug|x64.ActiveCfg = Debug|x64
		{16E4D5FF-1EB8-4C8B-ABBB-15CBD4BB6DF1}.Debug|x64.Build.0 = Debug|x64
		{16E4D5FF-1EB8-4C8B-ABBB-15CBD4BB6DF1}.Debug|x86.ActiveCfg = Debug|Win32
		{16E4D5FF-1EB8-4C8B-ABBB-15CBD4BB6DF1}.Debug|x86.Build.0 = Debug|Win32
		{16E4D5FF-1EB8-4C8B-ABBB-15CBD4BB6DF1}.Release_DLL|x64.ActiveCfg = Release|x64
		{16E4D5FF-1EB8-4C8B-ABBB-15CBD4BB6DF1}.Release_DLL|x64.Build.0 = Release|x64
		{16E4D5FF-1EB8-4C8B-ABBB-15CBD4BB6DF1}.Release_DLL|x86.ActiveCfg = Release|Win32
		{16E4D5FF-1EB8-4C8B-ABBB-15CBD4BB6DF1}.Release_DLL|x86.Build.0 = Release|Win32
		{16E4D5FF-1EB8-4C8B-ABBB-15CBD4BB6DF1}.Release|x64.ActiveCfg = Release|x64
		{16E4D5FF-1EB8-4C8B-ABBB-15CBD4BB6DF1}.Release|x64.Build.0 = Release|x64
		{16E4D5FF-1EB8-4C8B-ABBB-15CBD4BB6DF1}.Release|x86.ActiveCfg = Release|Win32
		{16E4D5FF-1EB8-4C8B-ABBB-15CBD4BB6DF1}.Release|x86.Build.0 = Release|Win32
	EndGlobalSection
	GlobalSection(SolutionProperties) = preSolution
		HideSolutionNode = FALSE
	EndGlobalSection
	GlobalSection(ExtensibilityGlobals) = postSolution
		SolutionGuid = {9D674106-8135-4C00-ACED-580B89E5D6E3}
	EndGlobalSection
EndGlobal
