<?xml version="1.0" encoding="utf-8"?>
<Project ToolsVersion="4.0" xmlns="http://schemas.microsoft.com/developer/msbuild/2003">
  <ItemGroup>
    <Filter Include="Archivos de origen">
      <UniqueIdentifier>{4FC737F1-C7A5-4376-A066-2A32D752A2FF}</UniqueIdentifier>
      <Extensions>cpp;c;cc;cxx;c++;cppm;ixx;def;odl;idl;hpj;bat;asm;asmx</Extensions>
    </Filter>
    <Filter Include="Archivos de origen\AudioSYS">
      <UniqueIdentifier>{ad8251c9-6b55-4492-8416-c093f8e84464}</UniqueIdentifier>
    </Filter>
  </ItemGroup>
  <ItemGroup>
    <ClInclude Include="include\gaAudioSYS.h">
      <Filter>Archivos de origen\AudioSYS</Filter>
    </ClInclude>
    <ClInclude Include="include\gaPrerequisitesAudioSYS.h">
      <Filter>Archivos de origen\AudioSYS</Filter>
    </ClInclude>
  </ItemGroup>
  <ItemGroup>
    <ClCompile Include="src\gaAudioSYS.cpp">
      <Filter>Archivos de origen\AudioSYS</Filter>
    </ClCompile>
  </ItemGroup>
</Project>