<?xml version="1.0" encoding="utf-8"?>
<Project ToolsVersion="4.0" xmlns="http://schemas.microsoft.com/developer/msbuild/2003">
  <ItemGroup>
    <Filter Include="Archivos de origen">
      <UniqueIdentifier>{4ebbed89-f6c8-4f76-8a2b-78fd94d744fa}</UniqueIdentifier>
    </Filter>
    <Filter Include="Archivos de origen\GraphicApi">
      <UniqueIdentifier>{499d514a-e3f9-41a9-873b-beb3ee06bddd}</UniqueIdentifier>
    </Filter>
  </ItemGroup>
  <ItemGroup>
    <ClInclude Include="include\gaConstantBufferDX.h">
      <Filter>Archivos de origen\GraphicApi</Filter>
    </ClInclude>
    <ClInclude Include="include\gaGraphicsApiDX.h">
      <Filter>Archivos de origen\GraphicApi</Filter>
    </ClInclude>
    <ClInclude Include="include\gaIndexBufferDX.h">
      <Filter>Archivos de origen\GraphicApi</Filter>
    </ClInclude>
    <ClInclude Include="include\gaInputLayoutDX.h">
      <Filter>Archivos de origen\GraphicApi</Filter>
    </ClInclude>
    <ClInclude Include="include\gaSamplerStateDX.h">
      <Filter>Archivos de origen\GraphicApi</Filter>
    </ClInclude>
    <ClInclude Include="include\gaShadersDX.h">
      <Filter>Archivos de origen\GraphicApi</Filter>
    </ClInclude>
    <ClInclude Include="include\gaTexturesDX.h">
      <Filter>Archivos de origen\GraphicApi</Filter>
    </ClInclude>
    <ClInclude Include="include\gaVertexBufferDX.h">
      <Filter>Archivos de origen\GraphicApi</Filter>
    </ClInclude>
    <ClInclude Include="include\gaVertexShaderDX.h">
      <Filter>Archivos de origen\GraphicApi</Filter>
    </ClInclude>
    <ClInclude Include="include\gaPixelShaderDX.h">
      <Filter>Archivos de origen\GraphicApi</Filter>
    </ClInclude>
    <ClInclude Include="include\gaRenderTargetDX.h">
      <Filter>Archivos de origen\GraphicApi</Filter>
    </ClInclude>
  </ItemGroup>
  <ItemGroup>
    <ClCompile Include="src\gaGraphicsApiDX.cpp">
      <Filter>Archivos de origen\GraphicApi</Filter>
    </ClCompile>
  </ItemGroup>
</Project>