<?xml version="1.0" encoding="utf-8"?>
<Project ToolsVersion="4.0" xmlns="http://schemas.microsoft.com/developer/msbuild/2003">
  <ItemGroup>
    <Filter Include="Archivos de origen">
      <UniqueIdentifier>{4FC737F1-C7A5-4376-A066-2A32D752A2FF}</UniqueIdentifier>
      <Extensions>cpp;c;hpp;h;</Extensions>
    </Filter>
    <Filter Include="Archivos de origen\Prerequisites">
      <UniqueIdentifier>{696a0d10-d413-450e-8c5c-f6cf1565fc7f}</UniqueIdentifier>
    </Filter>
    <Filter Include="Archivos de origen\Math">
      <UniqueIdentifier>{e5725446-f8be-436e-b77f-44f59e16af3c}</UniqueIdentifier>
    </Filter>
  </ItemGroup>
  <ItemGroup>
    <ClCompile Include="src\deleteme.cpp">
      <Filter>Archivos de origen</Filter>
    </ClCompile>
    <ClCompile Include="src\gaVector2I.cpp">
      <Filter>Archivos de origen\Math</Filter>
    </ClCompile>
    <ClCompile Include="src\gaVector2.cpp">
      <Filter>Archivos de origen\Math</Filter>
    </ClCompile>
    <ClCompile Include="src\gaVector3.cpp">
      <Filter>Archivos de origen\Math</Filter>
    </ClCompile>
    <ClCompile Include="src\gaVector4.cpp">
      <Filter>Archivos de origen\Math</Filter>
    </ClCompile>
    <ClCompile Include="src\gaMath.cpp">
      <Filter>Archivos de origen\Math</Filter>
    </ClCompile>
    <ClCompile Include="src\gaRadians.cpp">
      <Filter>Archivos de origen\Math</Filter>
    </ClCompile>
    <ClCompile Include="src\gaDegrees.cpp">
      <Filter>Archivos de origen\Math</Filter>
    </ClCompile>
  </ItemGroup>
  <ItemGroup>
    <ClInclude Include="include\gaPlatformTypes.h">
      <Filter>Archivos de origen</Filter>
    </ClInclude>
    <ClInclude Include="include\gaPlatformDefines.h">
      <Filter>Archivos de origen</Filter>
    </ClInclude>
    <ClInclude Include="include\gaVector2I.h">
      <Filter>Archivos de origen\Math</Filter>
    </ClInclude>
    <ClInclude Include="include\gaVector2.h">
      <Filter>Archivos de origen\Math</Filter>
    </ClInclude>
    <ClInclude Include="include\gaVector3.h">
      <Filter>Archivos de origen\Math</Filter>
    </ClInclude>
    <ClInclude Include="include\gaVector4.h">
      <Filter>Archivos de origen\Math</Filter>
    </ClInclude>
    <ClInclude Include="include\gaMath.h">
      <Filter>Archivos de origen\Math</Filter>
    </ClInclude>
    <ClInclude Include="include\gaRadians.h">
      <Filter>Archivos de origen\Math</Filter>
    </ClInclude>
    <ClInclude Include="include\gaDegrees.h">
      <Filter>Archivos de origen\Math</Filter>
    </ClInclude>
  </ItemGroup>
</Project>