<?xml version="1.0" encoding="utf-8"?>
<Project ToolsVersion="4.0" xmlns="http://schemas.microsoft.com/developer/msbuild/2003">
  <ItemGroup>
    <Filter Include="Archivos de origen">
      <UniqueIdentifier>{4FC737F1-C7A5-4376-A066-2A32D752A2FF}</UniqueIdentifier>
      <Extensions>cpp;c;hpp;h;</Extensions>
    </Filter>
    <Filter Include="Archivos de origen\Prerequisites">
      <UniqueIdentifier>{696a0d10-d413-450e-8c5c-f6cf1565fc7f}</UniqueIdentifier>
    </Filter>
    <Filter Include="Archivos de origen\Math">
      <UniqueIdentifier>{e5725446-f8be-436e-b77f-44f59e16af3c}</UniqueIdentifier>
    </Filter>
    <Filter Include="Archivos de origen\Platforms">
      <UniqueIdentifier>{d7666e05-c124-45b2-9f9a-a4e09ec1c3da}</UniqueIdentifier>
    </Filter>
  </ItemGroup>
  <ItemGroup>
    <ClCompile Include="src\gaVector2I.cpp">
      <Filter>Archivos de origen\Math</Filter>
    </ClCompile>
    <ClCompile Include="src\gaVector2.cpp">
      <Filter>Archivos de origen\Math</Filter>
    </ClCompile>
    <ClCompile Include="src\gaVector3.cpp">
      <Filter>Archivos de origen\Math</Filter>
    </ClCompile>
    <ClCompile Include="src\gaVector4.cpp">
      <Filter>Archivos de origen\Math</Filter>
    </ClCompile>
    <ClCompile Include="src\gaMath.cpp">
      <Filter>Archivos de origen\Math</Filter>
    </ClCompile>
    <ClCompile Include="src\gaRadians.cpp">
      <Filter>Archivos de origen\Math</Filter>
    </ClCompile>
    <ClCompile Include="src\gaDegrees.cpp">
      <Filter>Archivos de origen\Math</Filter>
    </ClCompile>
    <ClCompile Include="src\gaVector3I.cpp">
      <Filter>Archivos de origen\Math</Filter>
    </ClCompile>
    <ClCompile Include="src\gaVector4I.cpp">
      <Filter>Archivos de origen\Math</Filter>
    </ClCompile>
    <ClCompile Include="src\gaMatrix.cpp">
      <Filter>Archivos de origen\Math</Filter>
    </ClCompile>
    <ClCompile Include="src\gaMatrix4x4.cpp">
      <Filter>Archivos de origen\Math</Filter>
    </ClCompile>
    <ClCompile Include="src\gaLinuxMath.cpp">
      <Filter>Archivos de origen\Platforms</Filter>
    </ClCompile>
    <ClCompile Include="src\gaPlatformMath.cpp">
      <Filter>Archivos de origen\Platforms</Filter>
    </ClCompile>
    <ClCompile Include="src\gaWindowsMath.cpp">
      <Filter>Archivos de origen\Platforms</Filter>
    </ClCompile>
    <ClCompile Include="src\gaQuaternions.cpp">
      <Filter>Archivos de origen\Math</Filter>
    </ClCompile>
  </ItemGroup>
  <ItemGroup>
    <ClInclude Include="include\gaVector2I.h">
      <Filter>Archivos de origen\Math</Filter>
    </ClInclude>
    <ClInclude Include="include\gaVector2.h">
      <Filter>Archivos de origen\Math</Filter>
    </ClInclude>
    <ClInclude Include="include\gaVector3.h">
      <Filter>Archivos de origen\Math</Filter>
    </ClInclude>
    <ClInclude Include="include\gaVector4.h">
      <Filter>Archivos de origen\Math</Filter>
    </ClInclude>
    <ClInclude Include="include\gaMath.h">
      <Filter>Archivos de origen\Math</Filter>
    </ClInclude>
    <ClInclude Include="include\gaRadians.h">
      <Filter>Archivos de origen\Math</Filter>
    </ClInclude>
    <ClInclude Include="include\gaDegrees.h">
      <Filter>Archivos de origen\Math</Filter>
    </ClInclude>
    <ClInclude Include="include\gaVector3I.h">
      <Filter>Archivos de origen\Math</Filter>
    </ClInclude>
    <ClInclude Include="include\gaVector4I.h">
      <Filter>Archivos de origen\Math</Filter>
    </ClInclude>
    <ClInclude Include="include\gaMatrix.h">
      <Filter>Archivos de origen\Math</Filter>
    </ClInclude>
    <ClInclude Include="include\gaMatrix4x4.h">
      <Filter>Archivos de origen\Math</Filter>
    </ClInclude>
    <ClInclude Include="include\gaPrerequisitesUtilities.h">
      <Filter>Archivos de origen</Filter>
    </ClInclude>
    <ClInclude Include="include\gaStdHeaders.h">
      <Filter>Archivos de origen</Filter>
    </ClInclude>
    <ClInclude Include="include\gaLinuxMath.h">
      <Filter>Archivos de origen\Platforms</Filter>
    </ClInclude>
    <ClInclude Include="include\gaPlatformDefines.h">
      <Filter>Archivos de origen\Platforms</Filter>
    </ClInclude>
    <ClInclude Include="include\gaPlatformMath.h">
      <Filter>Archivos de origen\Platforms</Filter>
    </ClInclude>
    <ClInclude Include="include\gaPlatformTypes.h">
      <Filter>Archivos de origen\Platforms</Filter>
    </ClInclude>
    <ClInclude Include="include\gaWindowsMath.h">
      <Filter>Archivos de origen\Platforms</Filter>
    </ClInclude>
    <ClInclude Include="include\gaQuaternions.h">
      <Filter>Archivos de origen\Math</Filter>
    </ClInclude>
  </ItemGroup>
</Project>