<?xml version="1.0" encoding="utf-8"?>
<Project ToolsVersion="4.0" xmlns="http://schemas.microsoft.com/developer/msbuild/2003">
  <ItemGroup>
    <Filter Include="Archivos de origen">
      <UniqueIdentifier>{2f268e0c-6967-44a1-9235-264648f370c2}</UniqueIdentifier>
    </Filter>
    <Filter Include="Archivos de origen\GraphicApi">
      <UniqueIdentifier>{973d1330-d3b1-48b1-aeb4-0c09dba6acda}</UniqueIdentifier>
    </Filter>
    <Filter Include="Archivos de origen\Window">
      <UniqueIdentifier>{7e6d3ae8-bcfc-4676-acee-a075eccabb73}</UniqueIdentifier>
    </Filter>
    <Filter Include="Archivos de origen\Camara">
      <UniqueIdentifier>{6875d821-3a32-4a6b-83f6-ec801ffe7368}</UniqueIdentifier>
    </Filter>
    <Filter Include="Archivos de origen\Models">
      <UniqueIdentifier>{bc3eb5b7-539c-4996-b48c-bd712aad007f}</UniqueIdentifier>
    </Filter>
  </ItemGroup>
  <ItemGroup>
    <ClInclude Include="include\gaConstantBuffer.h">
      <Filter>Archivos de origen\GraphicApi</Filter>
    </ClInclude>
    <ClInclude Include="include\gaGraphicsApi.h">
      <Filter>Archivos de origen\GraphicApi</Filter>
    </ClInclude>
    <ClInclude Include="include\gaIndexBuffer.h">
      <Filter>Archivos de origen\GraphicApi</Filter>
    </ClInclude>
    <ClInclude Include="include\gaInputLayout.h">
      <Filter>Archivos de origen\GraphicApi</Filter>
    </ClInclude>
    <ClInclude Include="include\gaSamplerState.h">
      <Filter>Archivos de origen\GraphicApi</Filter>
    </ClInclude>
    <ClInclude Include="include\gaShaders.h">
      <Filter>Archivos de origen\GraphicApi</Filter>
    </ClInclude>
    <ClInclude Include="include\gaTextures.h">
      <Filter>Archivos de origen\GraphicApi</Filter>
    </ClInclude>
    <ClInclude Include="include\gaVertexBuffer.h">
      <Filter>Archivos de origen\GraphicApi</Filter>
    </ClInclude>
    <ClInclude Include="include\gaPrerequisitesCore.h" />
    <ClInclude Include="include\gaBaseApp.h">
      <Filter>Archivos de origen\Window</Filter>
    </ClInclude>
    <ClInclude Include="include\gaCamera.h">
      <Filter>Archivos de origen\Camara</Filter>
    </ClInclude>
    <ClInclude Include="include\gaModels.h">
      <Filter>Archivos de origen\Models</Filter>
    </ClInclude>
  </ItemGroup>
  <ItemGroup>
    <ClCompile Include="src\gaBaseApp.cpp">
      <Filter>Archivos de origen\Window</Filter>
    </ClCompile>
    <ClCompile Include="src\gaCamera.cpp">
      <Filter>Archivos de origen\Camara</Filter>
    </ClCompile>
    <ClCompile Include="src\gaModels.cpp">
      <Filter>Archivos de origen\Models</Filter>
    </ClCompile>
    <ClCompile Include="src\gaGraphicsApi.cpp">
      <Filter>Archivos de origen\GraphicApi</Filter>
    </ClCompile>
  </ItemGroup>
</Project>