<?xml version="1.0" encoding="utf-8"?>
<Project ToolsVersion="4.0" xmlns="http://schemas.microsoft.com/developer/msbuild/2003">
  <ItemGroup>
    <Filter Include="Archivos de origen">
      <UniqueIdentifier>{2f268e0c-6967-44a1-9235-264648f370c2}</UniqueIdentifier>
    </Filter>
    <Filter Include="Archivos de origen\GraphicApi">
      <UniqueIdentifier>{973d1330-d3b1-48b1-aeb4-0c09dba6acda}</UniqueIdentifier>
    </Filter>
    <Filter Include="Archivos de origen\Camara">
      <UniqueIdentifier>{6875d821-3a32-4a6b-83f6-ec801ffe7368}</UniqueIdentifier>
    </Filter>
    <Filter Include="Archivos de origen\Models">
      <UniqueIdentifier>{bc3eb5b7-539c-4996-b48c-bd712aad007f}</UniqueIdentifier>
    </Filter>
    <Filter Include="Archivos de origen\SceneGraph">
      <UniqueIdentifier>{bf415c7d-1ffc-43d0-acbb-6621eb306de8}</UniqueIdentifier>
    </Filter>
    <Filter Include="Archivos de origen\Resource">
      <UniqueIdentifier>{3ad69f90-fbb5-42b3-8fcf-a407e954f496}</UniqueIdentifier>
    </Filter>
    <Filter Include="Archivos de origen\GO/Actor/Componente">
      <UniqueIdentifier>{4dbbbc4b-1606-4cd2-b2d4-2277318acf39}</UniqueIdentifier>
    </Filter>
    <Filter Include="Archivos de origen\BaseApp">
      <UniqueIdentifier>{7e6d3ae8-bcfc-4676-acee-a075eccabb73}</UniqueIdentifier>
    </Filter>
    <Filter Include="Archivos de origen\Geometry">
      <UniqueIdentifier>{508c7834-2370-47c7-a8e1-ca64b16bab90}</UniqueIdentifier>
    </Filter>
    <Filter Include="Archivos de origen\BaseRenderer">
      <UniqueIdentifier>{7380110a-a752-47e7-8ccd-6ced4267f341}</UniqueIdentifier>
    </Filter>
  </ItemGroup>
  <ItemGroup>
    <ClInclude Include="include\gaConstantBuffer.h">
      <Filter>Archivos de origen\GraphicApi</Filter>
    </ClInclude>
    <ClInclude Include="include\gaGraphicsApi.h">
      <Filter>Archivos de origen\GraphicApi</Filter>
    </ClInclude>
    <ClInclude Include="include\gaIndexBuffer.h">
      <Filter>Archivos de origen\GraphicApi</Filter>
    </ClInclude>
    <ClInclude Include="include\gaInputLayout.h">
      <Filter>Archivos de origen\GraphicApi</Filter>
    </ClInclude>
    <ClInclude Include="include\gaSamplerState.h">
      <Filter>Archivos de origen\GraphicApi</Filter>
    </ClInclude>
    <ClInclude Include="include\gaShaders.h">
      <Filter>Archivos de origen\GraphicApi</Filter>
    </ClInclude>
    <ClInclude Include="include\gaVertexBuffer.h">
      <Filter>Archivos de origen\GraphicApi</Filter>
    </ClInclude>
    <ClInclude Include="include\gaPrerequisitesCore.h" />
    <ClInclude Include="include\gaBaseApp.h">
      <Filter>Archivos de origen\BaseApp</Filter>
    </ClInclude>
    <ClInclude Include="include\gaCamera.h">
      <Filter>Archivos de origen\Camara</Filter>
    </ClInclude>
    <ClInclude Include="include\gaModels.h">
      <Filter>Archivos de origen\Models</Filter>
    </ClInclude>
    <ClInclude Include="include\gaMesh.h">
      <Filter>Archivos de origen\Models</Filter>
    </ClInclude>
    <ClInclude Include="include\stb_image.h">
      <Filter>Archivos de origen\Models</Filter>
    </ClInclude>
    <ClInclude Include="include\gaSceneGraph.h">
      <Filter>Archivos de origen\SceneGraph</Filter>
    </ClInclude>
    <ClInclude Include="include\gaSceneNode.h">
      <Filter>Archivos de origen\SceneGraph</Filter>
    </ClInclude>
    <ClInclude Include="include\gaResource.h">
      <Filter>Archivos de origen\Resource</Filter>
    </ClInclude>
    <ClInclude Include="include\gaResourceManager.h">
      <Filter>Archivos de origen\Resource</Filter>
    </ClInclude>
    <ClInclude Include="include\gaAnimations.h">
      <Filter>Archivos de origen\Models</Filter>
    </ClInclude>
    <ClInclude Include="include\gaVertexShader.h">
      <Filter>Archivos de origen\GraphicApi</Filter>
    </ClInclude>
    <ClInclude Include="include\gaPixelShader.h">
      <Filter>Archivos de origen\GraphicApi</Filter>
    </ClInclude>
    <ClInclude Include="include\gaGameObject.h">
      <Filter>Archivos de origen\GO/Actor/Componente</Filter>
    </ClInclude>
    <ClInclude Include="include\gaComponent.h">
      <Filter>Archivos de origen\GO/Actor/Componente</Filter>
    </ClInclude>
    <ClInclude Include="include\gaActor.h">
      <Filter>Archivos de origen\GO/Actor/Componente</Filter>
    </ClInclude>
    <ClInclude Include="include\gaMaterials.h">
      <Filter>Archivos de origen\Models</Filter>
    </ClInclude>
    <ClInclude Include="include\gaTextures.h">
      <Filter>Archivos de origen\Models</Filter>
    </ClInclude>
    <ClInclude Include="include\gaStaticMesh.h">
      <Filter>Archivos de origen\Models</Filter>
    </ClInclude>
    <ClInclude Include="include\gaRenderTarget.h">
      <Filter>Archivos de origen\GraphicApi</Filter>
    </ClInclude>
    <ClInclude Include="include\gaStructures.h">
      <Filter>Archivos de origen</Filter>
    </ClInclude>
    <ClInclude Include="include\gaPlane.h">
      <Filter>Archivos de origen\Geometry</Filter>
    </ClInclude>
    <ClInclude Include="include\gaBaseRenderer.h">
      <Filter>Archivos de origen\BaseRenderer</Filter>
    </ClInclude>
  </ItemGroup>
  <ItemGroup>
    <ClCompile Include="src\gaBaseApp.cpp">
      <Filter>Archivos de origen\BaseApp</Filter>
    </ClCompile>
    <ClCompile Include="src\gaCamera.cpp">
      <Filter>Archivos de origen\Camara</Filter>
    </ClCompile>
    <ClCompile Include="src\gaModels.cpp">
      <Filter>Archivos de origen\Models</Filter>
    </ClCompile>
    <ClCompile Include="src\gaGraphicsApi.cpp">
      <Filter>Archivos de origen\GraphicApi</Filter>
    </ClCompile>
    <ClCompile Include="src\gaMesh.cpp">
      <Filter>Archivos de origen\Models</Filter>
    </ClCompile>
    <ClCompile Include="src\gaSceneGraph.cpp">
      <Filter>Archivos de origen\SceneGraph</Filter>
    </ClCompile>
    <ClCompile Include="src\gaSceneNode.cpp">
      <Filter>Archivos de origen\SceneGraph</Filter>
    </ClCompile>
    <ClCompile Include="src\gaResourceManager.cpp">
      <Filter>Archivos de origen\Resource</Filter>
    </ClCompile>
    <ClCompile Include="src\gaAnimations.cpp">
      <Filter>Archivos de origen\Models</Filter>
    </ClCompile>
    <ClCompile Include="src\gaGameObject.cpp">
      <Filter>Archivos de origen\GO/Actor/Componente</Filter>
    </ClCompile>
    <ClCompile Include="src\gaActor.cpp">
      <Filter>Archivos de origen\GO/Actor/Componente</Filter>
    </ClCompile>
    <ClCompile Include="src\gaMaterials.cpp">
      <Filter>Archivos de origen\Models</Filter>
    </ClCompile>
    <ClCompile Include="src\gaStaticMesh.cpp">
      <Filter>Archivos de origen\Models</Filter>
    </ClCompile>
    <ClCompile Include="src\gaPlane.cpp">
      <Filter>Archivos de origen\Geometry</Filter>
    </ClCompile>
    <ClCompile Include="src\gaBaseRenderer.cpp">
      <Filter>Archivos de origen\BaseRenderer</Filter>
    </ClCompile>
  </ItemGroup>
</Project>